// !$*UTF8*$!
{
	archiveVersion = 1;
	classes = {
	};
	objectVersion = 52;
	objects = {

/* Begin PBXBuildFile section */
		AA126162269F9DB300ED8779 /* testPopupUIApp.swift in Sources */ = {isa = PBXBuildFile; fileRef = AA126161269F9DB300ED8779 /* testPopupUIApp.swift */; };
		AA126164269F9DB300ED8779 /* ContentView.swift in Sources */ = {isa = PBXBuildFile; fileRef = AA126163269F9DB300ED8779 /* ContentView.swift */; };
		AA126166269F9DB400ED8779 /* Assets.xcassets in Resources */ = {isa = PBXBuildFile; fileRef = AA126165269F9DB400ED8779 /* Assets.xcassets */; };
		AA126169269F9DB400ED8779 /* Preview Assets.xcassets in Resources */ = {isa = PBXBuildFile; fileRef = AA126168269F9DB400ED8779 /* Preview Assets.xcassets */; };
		AA126172269F9DDD00ED8779 /* LNPopupUI in Frameworks */ = {isa = PBXBuildFile; productRef = AA126171269F9DDD00ED8779 /* LNPopupUI */; };
		AA126173269F9DDD00ED8779 /* LNPopupUI in Embed Frameworks */ = {isa = PBXBuildFile; productRef = AA126171269F9DDD00ED8779 /* LNPopupUI */; settings = {ATTRIBUTES = (CodeSignOnCopy, ); }; };
		AA88F75C26EAD30A00001B29 /* Introspect in Frameworks */ = {isa = PBXBuildFile; productRef = AA88F75B26EAD30A00001B29 /* Introspect */; };
/* End PBXBuildFile section */

/* Begin PBXCopyFilesBuildPhase section */
		AA126174269F9DDD00ED8779 /* Embed Frameworks */ = {
			isa = PBXCopyFilesBuildPhase;
			buildActionMask = 2147483647;
			dstPath = "";
			dstSubfolderSpec = 10;
			files = (
				AA126173269F9DDD00ED8779 /* LNPopupUI in Embed Frameworks */,
			);
			name = "Embed Frameworks";
			runOnlyForDeploymentPostprocessing = 0;
		};
/* End PBXCopyFilesBuildPhase section */

/* Begin PBXFileReference section */
		AA12615E269F9DB300ED8779 /* testPopupUI.app */ = {isa = PBXFileReference; explicitFileType = wrapper.application; includeInIndex = 0; path = testPopupUI.app; sourceTree = BUILT_PRODUCTS_DIR; };
		AA126161269F9DB300ED8779 /* testPopupUIApp.swift */ = {isa = PBXFileReference; lastKnownFileType = sourcecode.swift; path = testPopupUIApp.swift; sourceTree = "<group>"; };
		AA126163269F9DB300ED8779 /* ContentView.swift */ = {isa = PBXFileReference; lastKnownFileType = sourcecode.swift; path = ContentView.swift; sourceTree = "<group>"; };
		AA126165269F9DB400ED8779 /* Assets.xcassets */ = {isa = PBXFileReference; lastKnownFileType = folder.assetcatalog; path = Assets.xcassets; sourceTree = "<group>"; };
		AA126168269F9DB400ED8779 /* Preview Assets.xcassets */ = {isa = PBXFileReference; lastKnownFileType = folder.assetcatalog; path = "Preview Assets.xcassets"; sourceTree = "<group>"; };
		AA12616A269F9DB400ED8779 /* Info.plist */ = {isa = PBXFileReference; lastKnownFileType = text.plist.xml; path = Info.plist; sourceTree = "<group>"; };
/* End PBXFileReference section */

/* Begin PBXFrameworksBuildPhase section */
		AA12615B269F9DB300ED8779 /* Frameworks */ = {
			isa = PBXFrameworksBuildPhase;
			buildActionMask = 2147483647;
			files = (
				AA126172269F9DDD00ED8779 /* LNPopupUI in Frameworks */,
				AA88F75C26EAD30A00001B29 /* Introspect in Frameworks */,
			);
			runOnlyForDeploymentPostprocessing = 0;
		};
/* End PBXFrameworksBuildPhase section */

/* Begin PBXGroup section */
		AA126155269F9DB300ED8779 = {
			isa = PBXGroup;
			children = (
				AA126160269F9DB300ED8779 /* testPopupUI */,
				AA12615F269F9DB300ED8779 /* Products */,
			);
			sourceTree = "<group>";
		};
		AA12615F269F9DB300ED8779 /* Products */ = {
			isa = PBXGroup;
			children = (
				AA12615E269F9DB300ED8779 /* testPopupUI.app */,
			);
			name = Products;
			sourceTree = "<group>";
		};
		AA126160269F9DB300ED8779 /* testPopupUI */ = {
			isa = PBXGroup;
			children = (
				AA126161269F9DB300ED8779 /* testPopupUIApp.swift */,
				AA126163269F9DB300ED8779 /* ContentView.swift */,
				AA126165269F9DB400ED8779 /* Assets.xcassets */,
				AA12616A269F9DB400ED8779 /* Info.plist */,
				AA126167269F9DB400ED8779 /* Preview Content */,
			);
			path = testPopupUI;
			sourceTree = "<group>";
		};
		AA126167269F9DB400ED8779 /* Preview Content */ = {
			isa = PBXGroup;
			children = (
				AA126168269F9DB400ED8779 /* Preview Assets.xcassets */,
			);
			path = "Preview Content";
			sourceTree = "<group>";
		};
/* End PBXGroup section */

/* Begin PBXNativeTarget section */
		AA12615D269F9DB300ED8779 /* testPopupUI */ = {
			isa = PBXNativeTarget;
			buildConfigurationList = AA12616D269F9DB400ED8779 /* Build configuration list for PBXNativeTarget "testPopupUI" */;
			buildPhases = (
				AA12615A269F9DB300ED8779 /* Sources */,
				AA12615B269F9DB300ED8779 /* Frameworks */,
				AA12615C269F9DB300ED8779 /* Resources */,
				AA126174269F9DDD00ED8779 /* Embed Frameworks */,
			);
			buildRules = (
			);
			dependencies = (
			);
			name = testPopupUI;
			packageProductDependencies = (
				AA126171269F9DDD00ED8779 /* LNPopupUI */,
				AA88F75B26EAD30A00001B29 /* Introspect */,
			);
			productName = testPopupUI;
			productReference = AA12615E269F9DB300ED8779 /* testPopupUI.app */;
			productType = "com.apple.product-type.application";
		};
/* End PBXNativeTarget section */

/* Begin PBXProject section */
		AA126156269F9DB300ED8779 /* Project object */ = {
			isa = PBXProject;
			attributes = {
				LastSwiftUpdateCheck = 1250;
				LastUpgradeCheck = 1250;
				TargetAttributes = {
					AA12615D269F9DB300ED8779 = {
						CreatedOnToolsVersion = 12.5.1;
					};
				};
			};
			buildConfigurationList = AA126159269F9DB300ED8779 /* Build configuration list for PBXProject "testPopupUI" */;
			compatibilityVersion = "Xcode 9.3";
			developmentRegion = en;
			hasScannedForEncodings = 0;
			knownRegions = (
				en,
				Base,
			);
			mainGroup = AA126155269F9DB300ED8779;
			packageReferences = (
				AA126170269F9DDD00ED8779 /* XCRemoteSwiftPackageReference "LNPopupUI" */,
				AA88F75A26EAD30A00001B29 /* XCRemoteSwiftPackageReference "SwiftUI-Introspect" */,
			);
			productRefGroup = AA12615F269F9DB300ED8779 /* Products */;
			projectDirPath = "";
			projectRoot = "";
			targets = (
				AA12615D269F9DB300ED8779 /* testPopupUI */,
			);
		};
/* End PBXProject section */

/* Begin PBXResourcesBuildPhase section */
		AA12615C269F9DB300ED8779 /* Resources */ = {
			isa = PBXResourcesBuildPhase;
			buildActionMask = 2147483647;
			files = (
				AA126169269F9DB400ED8779 /* Preview Assets.xcassets in Resources */,
				AA126166269F9DB400ED8779 /* Assets.xcassets in Resources */,
			);
			runOnlyForDeploymentPostprocessing = 0;
		};
/* End PBXResourcesBuildPhase section */

/* Begin PBXSourcesBuildPhase section */
		AA12615A269F9DB300ED8779 /* Sources */ = {
			isa = PBXSourcesBuildPhase;
			buildActionMask = 2147483647;
			files = (
				AA126164269F9DB300ED8779 /* ContentView.swift in Sources */,
				AA126162269F9DB300ED8779 /* testPopupUIApp.swift in Sources */,
			);
			runOnlyForDeploymentPostprocessing = 0;
		};
/* End PBXSourcesBuildPhase section */

/* Begin XCBuildConfiguration section */
		AA12616B269F9DB400ED8779 /* Debug */ = {
			isa = XCBuildConfiguration;
			buildSettings = {
				ALWAYS_SEARCH_USER_PATHS = NO;
				CLANG_ANALYZER_NONNULL = YES;
				CLANG_ANALYZER_NUMBER_OBJECT_CONVERSION = YES_AGGRESSIVE;
				CLANG_CXX_LANGUAGE_STANDARD = "gnu++14";
				CLANG_CXX_LIBRARY = "libc++";
				CLANG_ENABLE_MODULES = YES;
				CLANG_ENABLE_OBJC_ARC = YES;
				CLANG_ENABLE_OBJC_WEAK = YES;
				CLANG_WARN_BLOCK_CAPTURE_AUTORELEASING = YES;
				CLANG_WARN_BOOL_CONVERSION = YES;
				CLANG_WARN_COMMA = YES;
				CLANG_WARN_CONSTANT_CONVERSION = YES;
				CLANG_WARN_DEPRECATED_OBJC_IMPLEMENTATIONS = YES;
				CLANG_WARN_DIRECT_OBJC_ISA_USAGE = YES_ERROR;
				CLANG_WARN_DOCUMENTATION_COMMENTS = YES;
				CLANG_WARN_EMPTY_BODY = YES;
				CLANG_WARN_ENUM_CONVERSION = YES;
				CLANG_WARN_INFINITE_RECURSION = YES;
				CLANG_WARN_INT_CONVERSION = YES;
				CLANG_WARN_NON_LITERAL_NULL_CONVERSION = YES;
				CLANG_WARN_OBJC_IMPLICIT_RETAIN_SELF = YES;
				CLANG_WARN_OBJC_LITERAL_CONVERSION = YES;
				CLANG_WARN_OBJC_ROOT_CLASS = YES_ERROR;
				CLANG_WARN_QUOTED_INCLUDE_IN_FRAMEWORK_HEADER = YES;
				CLANG_WARN_RANGE_LOOP_ANALYSIS = YES;
				CLANG_WARN_STRICT_PROTOTYPES = YES;
				CLANG_WARN_SUSPICIOUS_MOVE = YES;
				CLANG_WARN_UNGUARDED_AVAILABILITY = YES_AGGRESSIVE;
				CLANG_WARN_UNREACHABLE_CODE = YES;
				CLANG_WARN__DUPLICATE_METHOD_MATCH = YES;
				COPY_PHASE_STRIP = NO;
				DEBUG_INFORMATION_FORMAT = dwarf;
				ENABLE_STRICT_OBJC_MSGSEND = YES;
				ENABLE_TESTABILITY = YES;
				GCC_C_LANGUAGE_STANDARD = gnu11;
				GCC_DYNAMIC_NO_PIC = NO;
				GCC_NO_COMMON_BLOCKS = YES;
				GCC_OPTIMIZATION_LEVEL = 0;
				GCC_PREPROCESSOR_DEFINITIONS = (
					"DEBUG=1",
					"$(inherited)",
				);
				GCC_WARN_64_TO_32_BIT_CONVERSION = YES;
				GCC_WARN_ABOUT_RETURN_TYPE = YES_ERROR;
				GCC_WARN_UNDECLARED_SELECTOR = YES;
				GCC_WARN_UNINITIALIZED_AUTOS = YES_AGGRESSIVE;
				GCC_WARN_UNUSED_FUNCTION = YES;
				GCC_WARN_UNUSED_VARIABLE = YES;
				IPHONEOS_DEPLOYMENT_TARGET = 14.5;
				MTL_ENABLE_DEBUG_INFO = INCLUDE_SOURCE;
				MTL_FAST_MATH = YES;
				ONLY_ACTIVE_ARCH = YES;
				SDKROOT = iphoneos;
				SWIFT_ACTIVE_COMPILATION_CONDITIONS = DEBUG;
				SWIFT_OPTIMIZATION_LEVEL = "-Onone";
			};
			name = Debug;
		};
		AA12616C269F9DB400ED8779 /* Release */ = {
			isa = XCBuildConfiguration;
			buildSettings = {
				ALWAYS_SEARCH_USER_PATHS = NO;
				CLANG_ANALYZER_NONNULL = YES;
				CLANG_ANALYZER_NUMBER_OBJECT_CONVERSION = YES_AGGRESSIVE;
				CLANG_CXX_LANGUAGE_STANDARD = "gnu++14";
				CLANG_CXX_LIBRARY = "libc++";
				CLANG_ENABLE_MODULES = YES;
				CLANG_ENABLE_OBJC_ARC = YES;
				CLANG_ENABLE_OBJC_WEAK = YES;
				CLANG_WARN_BLOCK_CAPTURE_AUTORELEASING = YES;
				CLANG_WARN_BOOL_CONVERSION = YES;
				CLANG_WARN_COMMA = YES;
				CLANG_WARN_CONSTANT_CONVERSION = YES;
				CLANG_WARN_DEPRECATED_OBJC_IMPLEMENTATIONS = YES;
				CLANG_WARN_DIRECT_OBJC_ISA_USAGE = YES_ERROR;
				CLANG_WARN_DOCUMENTATION_COMMENTS = YES;
				CLANG_WARN_EMPTY_BODY = YES;
				CLANG_WARN_ENUM_CONVERSION = YES;
				CLANG_WARN_INFINITE_RECURSION = YES;
				CLANG_WARN_INT_CONVERSION = YES;
				CLANG_WARN_NON_LITERAL_NULL_CONVERSION = YES;
				CLANG_WARN_OBJC_IMPLICIT_RETAIN_SELF = YES;
				CLANG_WARN_OBJC_LITERAL_CONVERSION = YES;
				CLANG_WARN_OBJC_ROOT_CLASS = YES_ERROR;
				CLANG_WARN_QUOTED_INCLUDE_IN_FRAMEWORK_HEADER = YES;
				CLANG_WARN_RANGE_LOOP_ANALYSIS = YES;
				CLANG_WARN_STRICT_PROTOTYPES = YES;
				CLANG_WARN_SUSPICIOUS_MOVE = YES;
				CLANG_WARN_UNGUARDED_AVAILABILITY = YES_AGGRESSIVE;
				CLANG_WARN_UNREACHABLE_CODE = YES;
				CLANG_WARN__DUPLICATE_METHOD_MATCH = YES;
				COPY_PHASE_STRIP = NO;
				DEBUG_INFORMATION_FORMAT = "dwarf-with-dsym";
				ENABLE_NS_ASSERTIONS = NO;
				ENABLE_STRICT_OBJC_MSGSEND = YES;
				GCC_C_LANGUAGE_STANDARD = gnu11;
				GCC_NO_COMMON_BLOCKS = YES;
				GCC_WARN_64_TO_32_BIT_CONVERSION = YES;
				GCC_WARN_ABOUT_RETURN_TYPE = YES_ERROR;
				GCC_WARN_UNDECLARED_SELECTOR = YES;
				GCC_WARN_UNINITIALIZED_AUTOS = YES_AGGRESSIVE;
				GCC_WARN_UNUSED_FUNCTION = YES;
				GCC_WARN_UNUSED_VARIABLE = YES;
				IPHONEOS_DEPLOYMENT_TARGET = 14.5;
				MTL_ENABLE_DEBUG_INFO = NO;
				MTL_FAST_MATH = YES;
				SDKROOT = iphoneos;
				SWIFT_COMPILATION_MODE = wholemodule;
				SWIFT_OPTIMIZATION_LEVEL = "-O";
				VALIDATE_PRODUCT = YES;
			};
			name = Release;
		};
		AA12616E269F9DB400ED8779 /* Debug */ = {
			isa = XCBuildConfiguration;
			buildSettings = {
				ASSETCATALOG_COMPILER_APPICON_NAME = AppIcon;
				ASSETCATALOG_COMPILER_GLOBAL_ACCENT_COLOR_NAME = AccentColor;
				CODE_SIGN_STYLE = Automatic;
				DEVELOPMENT_ASSET_PATHS = "\"testPopupUI/Preview Content\"";
				DEVELOPMENT_TEAM = 78V48B266A;
				ENABLE_PREVIEWS = YES;
				INFOPLIST_FILE = testPopupUI/Info.plist;
				IPHONEOS_DEPLOYMENT_TARGET = 14.0;
				LD_RUNPATH_SEARCH_PATHS = (
					"$(inherited)",
					"@executable_path/Frameworks",
				);
				PRODUCT_BUNDLE_IDENTIFIER = com.smp.testPopupUI;
				PRODUCT_NAME = "$(TARGET_NAME)";
				SWIFT_VERSION = 5.0;
				TARGETED_DEVICE_FAMILY = "1,2";
			};
			name = Debug;
		};
		AA12616F269F9DB400ED8779 /* Release */ = {
			isa = XCBuildConfiguration;
			buildSettings = {
				ASSETCATALOG_COMPILER_APPICON_NAME = AppIcon;
				ASSETCATALOG_COMPILER_GLOBAL_ACCENT_COLOR_NAME = AccentColor;
				CODE_SIGN_STYLE = Automatic;
				DEVELOPMENT_ASSET_PATHS = "\"testPopupUI/Preview Content\"";
				DEVELOPMENT_TEAM = 78V48B266A;
				ENABLE_PREVIEWS = YES;
				INFOPLIST_FILE = testPopupUI/Info.plist;
				IPHONEOS_DEPLOYMENT_TARGET = 14.0;
				LD_RUNPATH_SEARCH_PATHS = (
					"$(inherited)",
					"@executable_path/Frameworks",
				);
				PRODUCT_BUNDLE_IDENTIFIER = com.smp.testPopupUI;
				PRODUCT_NAME = "$(TARGET_NAME)";
				SWIFT_VERSION = 5.0;
				TARGETED_DEVICE_FAMILY = "1,2";
			};
			name = Release;
		};
/* End XCBuildConfiguration section */

/* Begin XCConfigurationList section */
		AA126159269F9DB300ED8779 /* Build configuration list for PBXProject "testPopupUI" */ = {
			isa = XCConfigurationList;
			buildConfigurations = (
				AA12616B269F9DB400ED8779 /* Debug */,
				AA12616C269F9DB400ED8779 /* Release */,
			);
			defaultConfigurationIsVisible = 0;
			defaultConfigurationName = Release;
		};
		AA12616D269F9DB400ED8779 /* Build configuration list for PBXNativeTarget "testPopupUI" */ = {
			isa = XCConfigurationList;
			buildConfigurations = (
				AA12616E269F9DB400ED8779 /* Debug */,
				AA12616F269F9DB400ED8779 /* Release */,
			);
			defaultConfigurationIsVisible = 0;
			defaultConfigurationName = Release;
		};
/* End XCConfigurationList section */

/* Begin XCRemoteSwiftPackageReference section */
		AA126170269F9DDD00ED8779 /* XCRemoteSwiftPackageReference "LNPopupUI" */ = {
			isa = XCRemoteSwiftPackageReference;
			repositoryURL = "https://github.com/LeoNatan/LNPopupUI";
			requirement = {
				kind = upToNextMajorVersion;
				minimumVersion = 1.2.14;
			};
		};
		AA88F75A26EAD30A00001B29 /* XCRemoteSwiftPackageReference "SwiftUI-Introspect" */ = {
			isa = XCRemoteSwiftPackageReference;
			repositoryURL = "https://github.com/siteline/SwiftUI-Introspect.git";
			requirement = {
				kind = upToNextMajorVersion;
				minimumVersion = 0.1.3;
			};
		};
/* End XCRemoteSwiftPackageReference section */

/* Begin XCSwiftPackageProductDependency section */
		AA126171269F9DDD00ED8779 /* LNPopupUI */ = {
			isa = XCSwiftPackageProductDependency;
			package = AA126170269F9DDD00ED8779 /* XCRemoteSwiftPackageReference "LNPopupUI" */;
			productName = LNPopupUI;
		};
		AA88F75B26EAD30A00001B29 /* Introspect */ = {
			isa = XCSwiftPackageProductDependency;
			package = AA88F75A26EAD30A00001B29 /* XCRemoteSwiftPackageReference "SwiftUI-Introspect" */;
			productName = Introspect;
		};
/* End XCSwiftPackageProductDependency section */
	};
	rootObject = AA126156269F9DB300ED8779 /* Project object */;
}
